
Microsoft Visual Studio Solution File, Format Version 12.00
# Visual Studio Version 17
VisualStudioVersion = 17.8.34511.84
MinimumVisualStudioVersion = 10.0.40219.1
Project("{FAE04EC0-301F-11D3-BF4B-00C04F79EFBC}") = "WpfApp2", "WpfApp2\WpfApp2.csproj", "{4054FB87-3601-4877-A69E-B3C162D656E4}"
EndProject
Global
	GlobalSection(SolutionConfigurationPlatforms) = preSolution
		Debug|Any CPU = Debug|Any CPU
		Release|Any CPU = Release|Any CPU
	EndGlobalSection
	GlobalSection(ProjectConfigurationPlatforms) = postSolution
		{4054FB87-3601-4877-A69E-B3C162D656E4}.Debug|Any CPU.ActiveCfg = Debug|Any CPU
		{4054FB87-3601-4877-A69E-B3C162D656E4}.Debug|Any CPU.Build.0 = Debug|Any CPU
		{4054FB87-3601-4877-A69E-B3C162D656E4}.Release|Any CPU.ActiveCfg = Release|Any CPU
		{4054FB87-3601-4877-A69E-B3C162D656E4}.Release|Any CPU.Build.0 = Release|Any CPU
	EndGlobalSection
	GlobalSection(SolutionProperties) = preSolution
		HideSolutionNode = FALSE
	EndGlobalSection
	GlobalSection(ExtensibilityGlobals) = postSolution
		SolutionGuid = {1CBE6C1C-DA08-41B5-AF92-4C0B1D807567}
	EndGlobalSection
EndGlobal
